
Microsoft Visual Studio Solution File, Format Version 12.00
# Visual Studio 15
VisualStudioVersion = 15.0.27004.2002
MinimumVisualStudioVersion = 10.0.40219.1
Project("{2150E333-8FDC-42A3-9474-1A3956D46DE8}") = "Solution Items", "Solution Items", "{95FF6BB6-143F-4DFD-A7D2-AF4D0E605510}"
	ProjectSection(SolutionItems) = preProject
		GlobalAssemblyInfo.cs = GlobalAssemblyInfo.cs
	EndProjectSection
EndProject
Project("{FAE04EC0-301F-11D3-BF4B-00C04F79EFBC}") = "TastyScript", "TastyScript\TastyScript.csproj", "{83EEA21E-3B52-4459-B3F9-9B8FD3CD4439}"
EndProject
Project("{FAE04EC0-301F-11D3-BF4B-00C04F79EFBC}") = "IFunction", "IFunction\IFunction.csproj", "{5626784C-59F0-4F27-9CB3-5A65D0129C5B}"
EndProject
Project("{FAE04EC0-301F-11D3-BF4B-00C04F79EFBC}") = "CoreFunctions", "CoreFunctions\CoreFunctions.csproj", "{C03AE3AD-8A10-48EE-AB00-1B302285A051}"
EndProject
Project("{FAE04EC0-301F-11D3-BF4B-00C04F79EFBC}") = "ParserManager", "ParserManager\ParserManager.csproj", "{6BFBC999-6062-4D51-B1D9-B6E97C8B6466}"
EndProject
Project("{FAE04EC0-301F-11D3-BF4B-00C04F79EFBC}") = "TSConsole", "TSConsole\TSConsole.csproj", "{FBD60561-2867-46FC-9A27-3D9C6982A825}"
EndProject
Project("{FAE04EC0-301F-11D3-BF4B-00C04F79EFBC}") = "TastyScriptNPP", "TastyScriptNPP\TastyScriptNPP.csproj", "{479C17BE-C7FF-4A5C-8E2E-398EE4DAC058}"
EndProject
Global
	GlobalSection(SolutionConfigurationPlatforms) = preSolution
		Debug|Any CPU = Debug|Any CPU
		Debug|x64 = Debug|x64
		Debug|x86 = Debug|x86
		Release|Any CPU = Release|Any CPU
		Release|x64 = Release|x64
		Release|x86 = Release|x86
	EndGlobalSection
	GlobalSection(ProjectConfigurationPlatforms) = postSolution
		{83EEA21E-3B52-4459-B3F9-9B8FD3CD4439}.Debug|Any CPU.ActiveCfg = Debug|Any CPU
		{83EEA21E-3B52-4459-B3F9-9B8FD3CD4439}.Debug|Any CPU.Build.0 = Debug|Any CPU
		{83EEA21E-3B52-4459-B3F9-9B8FD3CD4439}.Debug|x64.ActiveCfg = Debug|Any CPU
		{83EEA21E-3B52-4459-B3F9-9B8FD3CD4439}.Debug|x64.Build.0 = Debug|Any CPU
		{83EEA21E-3B52-4459-B3F9-9B8FD3CD4439}.Debug|x86.ActiveCfg = Debug|Any CPU
		{83EEA21E-3B52-4459-B3F9-9B8FD3CD4439}.Debug|x86.Build.0 = Debug|Any CPU
		{83EEA21E-3B52-4459-B3F9-9B8FD3CD4439}.Release|Any CPU.ActiveCfg = Release|Any CPU
		{83EEA21E-3B52-4459-B3F9-9B8FD3CD4439}.Release|Any CPU.Build.0 = Release|Any CPU
		{83EEA21E-3B52-4459-B3F9-9B8FD3CD4439}.Release|x64.ActiveCfg = Release|Any CPU
		{83EEA21E-3B52-4459-B3F9-9B8FD3CD4439}.Release|x64.Build.0 = Release|Any CPU
		{83EEA21E-3B52-4459-B3F9-9B8FD3CD4439}.Release|x86.ActiveCfg = Release|Any CPU
		{83EEA21E-3B52-4459-B3F9-9B8FD3CD4439}.Release|x86.Build.0 = Release|Any CPU
		{5626784C-59F0-4F27-9CB3-5A65D0129C5B}.Debug|Any CPU.ActiveCfg = Debug|Any CPU
		{5626784C-59F0-4F27-9CB3-5A65D0129C5B}.Debug|Any CPU.Build.0 = Debug|Any CPU
		{5626784C-59F0-4F27-9CB3-5A65D0129C5B}.Debug|x64.ActiveCfg = Debug|Any CPU
		{5626784C-59F0-4F27-9CB3-5A65D0129C5B}.Debug|x64.Build.0 = Debug|Any CPU
		{5626784C-59F0-4F27-9CB3-5A65D0129C5B}.Debug|x86.ActiveCfg = Debug|Any CPU
		{5626784C-59F0-4F27-9CB3-5A65D0129C5B}.Debug|x86.Build.0 = Debug|Any CPU
		{5626784C-59F0-4F27-9CB3-5A65D0129C5B}.Release|Any CPU.ActiveCfg = Release|Any CPU
		{5626784C-59F0-4F27-9CB3-5A65D0129C5B}.Release|Any CPU.Build.0 = Release|Any CPU
		{5626784C-59F0-4F27-9CB3-5A65D0129C5B}.Release|x64.ActiveCfg = Release|Any CPU
		{5626784C-59F0-4F27-9CB3-5A65D0129C5B}.Release|x64.Build.0 = Release|Any CPU
		{5626784C-59F0-4F27-9CB3-5A65D0129C5B}.Release|x86.ActiveCfg = Release|Any CPU
		{5626784C-59F0-4F27-9CB3-5A65D0129C5B}.Release|x86.Build.0 = Release|Any CPU
		{C03AE3AD-8A10-48EE-AB00-1B302285A051}.Debug|Any CPU.ActiveCfg = Debug|Any CPU
		{C03AE3AD-8A10-48EE-AB00-1B302285A051}.Debug|Any CPU.Build.0 = Debug|Any CPU
		{C03AE3AD-8A10-48EE-AB00-1B302285A051}.Debug|x64.ActiveCfg = Debug|Any CPU
		{C03AE3AD-8A10-48EE-AB00-1B302285A051}.Debug|x64.Build.0 = Debug|Any CPU
		{C03AE3AD-8A10-48EE-AB00-1B302285A051}.Debug|x86.ActiveCfg = Debug|Any CPU
		{C03AE3AD-8A10-48EE-AB00-1B302285A051}.Debug|x86.Build.0 = Debug|Any CPU
		{C03AE3AD-8A10-48EE-AB00-1B302285A051}.Release|Any CPU.ActiveCfg = Release|Any CPU
		{C03AE3AD-8A10-48EE-AB00-1B302285A051}.Release|Any CPU.Build.0 = Release|Any CPU
		{C03AE3AD-8A10-48EE-AB00-1B302285A051}.Release|x64.ActiveCfg = Release|Any CPU
		{C03AE3AD-8A10-48EE-AB00-1B302285A051}.Release|x64.Build.0 = Release|Any CPU
		{C03AE3AD-8A10-48EE-AB00-1B302285A051}.Release|x86.ActiveCfg = Release|Any CPU
		{C03AE3AD-8A10-48EE-AB00-1B302285A051}.Release|x86.Build.0 = Release|Any CPU
		{6BFBC999-6062-4D51-B1D9-B6E97C8B6466}.Debug|Any CPU.ActiveCfg = Debug|Any CPU
		{6BFBC999-6062-4D51-B1D9-B6E97C8B6466}.Debug|Any CPU.Build.0 = Debug|Any CPU
		{6BFBC999-6062-4D51-B1D9-B6E97C8B6466}.Debug|x64.ActiveCfg = Debug|Any CPU
		{6BFBC999-6062-4D51-B1D9-B6E97C8B6466}.Debug|x64.Build.0 = Debug|Any CPU
		{6BFBC999-6062-4D51-B1D9-B6E97C8B6466}.Debug|x86.ActiveCfg = Debug|Any CPU
		{6BFBC999-6062-4D51-B1D9-B6E97C8B6466}.Debug|x86.Build.0 = Debug|Any CPU
		{6BFBC999-6062-4D51-B1D9-B6E97C8B6466}.Release|Any CPU.ActiveCfg = Release|Any CPU
		{6BFBC999-6062-4D51-B1D9-B6E97C8B6466}.Release|Any CPU.Build.0 = Release|Any CPU
		{6BFBC999-6062-4D51-B1D9-B6E97C8B6466}.Release|x64.ActiveCfg = Release|Any CPU
		{6BFBC999-6062-4D51-B1D9-B6E97C8B6466}.Release|x64.Build.0 = Release|Any CPU
		{6BFBC999-6062-4D51-B1D9-B6E97C8B6466}.Release|x86.ActiveCfg = Release|Any CPU
		{6BFBC999-6062-4D51-B1D9-B6E97C8B6466}.Release|x86.Build.0 = Release|Any CPU
		{FBD60561-2867-46FC-9A27-3D9C6982A825}.Debug|Any CPU.ActiveCfg = Debug|Any CPU
		{FBD60561-2867-46FC-9A27-3D9C6982A825}.Debug|Any CPU.Build.0 = Debug|Any CPU
		{FBD60561-2867-46FC-9A27-3D9C6982A825}.Debug|x64.ActiveCfg = Debug|Any CPU
		{FBD60561-2867-46FC-9A27-3D9C6982A825}.Debug|x64.Build.0 = Debug|Any CPU
		{FBD60561-2867-46FC-9A27-3D9C6982A825}.Debug|x86.ActiveCfg = Debug|Any CPU
		{FBD60561-2867-46FC-9A27-3D9C6982A825}.Debug|x86.Build.0 = Debug|Any CPU
		{FBD60561-2867-46FC-9A27-3D9C6982A825}.Release|Any CPU.ActiveCfg = Release|Any CPU
		{FBD60561-2867-46FC-9A27-3D9C6982A825}.Release|Any CPU.Build.0 = Release|Any CPU
		{FBD60561-2867-46FC-9A27-3D9C6982A825}.Release|x64.ActiveCfg = Release|Any CPU
		{FBD60561-2867-46FC-9A27-3D9C6982A825}.Release|x64.Build.0 = Release|Any CPU
		{FBD60561-2867-46FC-9A27-3D9C6982A825}.Release|x86.ActiveCfg = Release|Any CPU
		{FBD60561-2867-46FC-9A27-3D9C6982A825}.Release|x86.Build.0 = Release|Any CPU
		{479C17BE-C7FF-4A5C-8E2E-398EE4DAC058}.Debug|Any CPU.ActiveCfg = Debug|x86
		{479C17BE-C7FF-4A5C-8E2E-398EE4DAC058}.Debug|x64.ActiveCfg = Debug|x64
		{479C17BE-C7FF-4A5C-8E2E-398EE4DAC058}.Debug|x64.Build.0 = Debug|x64
		{479C17BE-C7FF-4A5C-8E2E-398EE4DAC058}.Debug|x86.ActiveCfg = Debug|x86
		{479C17BE-C7FF-4A5C-8E2E-398EE4DAC058}.Debug|x86.Build.0 = Debug|x86
		{479C17BE-C7FF-4A5C-8E2E-398EE4DAC058}.Release|Any CPU.ActiveCfg = Release|x86
		{479C17BE-C7FF-4A5C-8E2E-398EE4DAC058}.Release|x64.ActiveCfg = Release|x64
		{479C17BE-C7FF-4A5C-8E2E-398EE4DAC058}.Release|x64.Build.0 = Release|x64
		{479C17BE-C7FF-4A5C-8E2E-398EE4DAC058}.Release|x86.ActiveCfg = Release|x86
		{479C17BE-C7FF-4A5C-8E2E-398EE4DAC058}.Release|x86.Build.0 = Release|x86
	EndGlobalSection
	GlobalSection(SolutionProperties) = preSolution
		HideSolutionNode = FALSE
	EndGlobalSection
	GlobalSection(ExtensibilityGlobals) = postSolution
		BuildVersion_UpdateAssemblyVersion = True
		BuildVersion_UpdateFileVersion = True
		BuildVersion_StartDate = 2018/2/5
		BuildVersion_UseGlobalSettings = False
		BuildVersion_BuildVersioningStyle = None.None.None.DeltaBaseDateInDays
		BuildVersion_AssemblyInfoFilename = GlobalAssemblyInfo.cs
		SolutionGuid = {CF2C3D4C-E827-48FD-BD86-55D525D0BCDC}
	EndGlobalSection
EndGlobal
